
Microsoft Visual Studio Solution File, Format Version 12.00
# Visual Studio 15
VisualStudioVersion = 15.0.28307.438
MinimumVisualStudioVersion = 10.0.40219.1
Project("{FAE04EC0-301F-11D3-BF4B-00C04F79EFBC}") = "JobCardSystem", "JobCardSystem\JobCardSystem.csproj", "{652A9602-833C-4D5B-B074-9FAA1D527CA9}"
EndProject
Project("{FAE04EC0-301F-11D3-BF4B-00C04F79EFBC}") = "UnitTests", "UnitTests\UnitTests.csproj", "{1ED322CF-EEFE-4079-857D-131E311E436E}"
EndProject
Global
	GlobalSection(SolutionConfigurationPlatforms) = preSolution
		Debug|Any CPU = Debug|Any CPU
		Release|Any CPU = Release|Any CPU
	EndGlobalSection
	GlobalSection(ProjectConfigurationPlatforms) = postSolution
		{652A9602-833C-4D5B-B074-9FAA1D527CA9}.Debug|Any CPU.ActiveCfg = Debug|Any CPU
		{652A9602-833C-4D5B-B074-9FAA1D527CA9}.Debug|Any CPU.Build.0 = Debug|Any CPU
		{652A9602-833C-4D5B-B074-9FAA1D527CA9}.Release|Any CPU.ActiveCfg = Release|Any CPU
		{652A9602-833C-4D5B-B074-9FAA1D527CA9}.Release|Any CPU.Build.0 = Release|Any CPU
		{1ED322CF-EEFE-4079-857D-131E311E436E}.Debug|Any CPU.ActiveCfg = Debug|Any CPU
		{1ED322CF-EEFE-4079-857D-131E311E436E}.Debug|Any CPU.Build.0 = Debug|Any CPU
		{1ED322CF-EEFE-4079-857D-131E311E436E}.Release|Any CPU.ActiveCfg = Release|Any CPU
		{1ED322CF-EEFE-4079-857D-131E311E436E}.Release|Any CPU.Build.0 = Release|Any CPU
	EndGlobalSection
	GlobalSection(SolutionProperties) = preSolution
		HideSolutionNode = FALSE
	EndGlobalSection
	GlobalSection(ExtensibilityGlobals) = postSolution
		SolutionGuid = {7D155EBD-8865-43D5-BC98-4050E2E83CF9}
	EndGlobalSection
EndGlobal
